{
  "name": "@yellicode/csharp",
  "version": "0.1.6",
  "lockfileVersion": 1,
  "requires": true,
  "dependencies": {
    "@yellicode/core": {
      "version": "0.1.2",
      "resolved": "https://registry.npmjs.org/@yellicode/core/-/core-0.1.2.tgz",
      "integrity": "sha1-fLkt6rE9R0rqGvQK4yN4UprOowg="
    },
    "@yellicode/elements": {
      "version": "0.2.1",
      "resolved": "https://registry.npmjs.org/@yellicode/elements/-/elements-0.2.1.tgz",
      "integrity": "sha1-cQ/FUe36QubwyxKstr2movkAack=",
      "requires": {
        "@yellicode/core": "^0.1.2",
        "lodash": "^4.17.4"
      }
    },
    "@yellicode/templating": {
      "version": "0.3.3",
      "resolved": "https://registry.npmjs.org/@yellicode/templating/-/templating-0.3.3.tgz",
      "integrity": "sha512-Tai79IggAsI6ieYEJsjySWC/h25I9/2XL/OjsWpZ9u4nOC9X1TLOeTpK2FIDOoBo32f6m4S04TIh1WCajLw+CA==",
      "requires": {
        "@yellicode/core": "^0.1.2",
        "@yellicode/elements": "^0.2.0"
      }
    },
    "lodash": {
      "version": "4.17.5",
      "resolved": "https://registry.npmjs.org/lodash/-/lodash-4.17.5.tgz",
      "integrity": "sha1-maktZcAnLevoyWtgV7yPv6O+1RE="
    },
    "rollup": {
      "version": "0.50.1",
      "resolved": "https://registry.npmjs.org/rollup/-/rollup-0.50.1.tgz",
      "integrity": "sha1-5Nr8v40rsNn1WJ0MxvZNdriBVzA=",
      "dev": true
    }
  }
}
